// !$*UTF8*$!
{
	archiveVersion = 1;
	classes = {
	};
	objectVersion = 46;
	objects = {

/* Begin PBXBuildFile section */
		CC45292C1A79C6D100CB482A /* main.m in Sources */ = {isa = PBXBuildFile; fileRef = CC45292B1A79C6D100CB482A /* main.m */; };
		CC45292F1A79C6D100CB482A /* AppDelegate.m in Sources */ = {isa = PBXBuildFile; fileRef = CC45292E1A79C6D100CB482A /* AppDelegate.m */; };
		CC4529381A79C6D100CB482A /* Main.storyboard in Resources */ = {isa = PBXBuildFile; fileRef = CC4529361A79C6D100CB482A /* Main.storyboard */; };
		CC45293A1A79C6D200CB482A /* Images.xcassets in Resources */ = {isa = PBXBuildFile; fileRef = CC4529391A79C6D200CB482A /* Images.xcassets */; };
		CC45293D1A79C6D200CB482A /* LaunchScreen.xib in Resources */ = {isa = PBXBuildFile; fileRef = CC45293B1A79C6D200CB482A /* LaunchScreen.xib */; };
		CC4529491A79C6D200CB482A /* GitHubIssueTests.m in Sources */ = {isa = PBXBuildFile; fileRef = CC4529481A79C6D200CB482A /* GitHubIssueTests.m */; };
		CCCDEBFE1A7C386A00867566 /* IssueTableViewController.m in Sources */ = {isa = PBXBuildFile; fileRef = CCCDEBFD1A7C386A00867566 /* IssueTableViewController.m */; };
		CCCDEC011A7C38A500867566 /* AllIssuesTableViewController.m in Sources */ = {isa = PBXBuildFile; fileRef = CCCDEC001A7C38A500867566 /* AllIssuesTableViewController.m */; };
		CCCDEC071A7C3B8500867566 /* CircleViewController.m in Sources */ = {isa = PBXBuildFile; fileRef = CCCDEC061A7C3B8500867566 /* CircleViewController.m */; };
		CCCDEC0A1A7C3D4C00867566 /* TabViewController.m in Sources */ = {isa = PBXBuildFile; fileRef = CCCDEC091A7C3D4C00867566 /* TabViewController.m */; };
		CCCDEC0D1A7C3E4300867566 /* IssueTableViewCell.m in Sources */ = {isa = PBXBuildFile; fileRef = CCCDEC0C1A7C3E4300867566 /* IssueTableViewCell.m */; };
		CCCDEC101A7C434F00867566 /* IssueDetailViewController.m in Sources */ = {isa = PBXBuildFile; fileRef = CCCDEC0F1A7C434F00867566 /* IssueDetailViewController.m */; };
		CCCDEC131A7C7A6700867566 /* allIssueTableViewCell.m in Sources */ = {isa = PBXBuildFile; fileRef = CCCDEC121A7C7A6700867566 /* allIssueTableViewCell.m */; };
		CCCDEC3A1A7C808300867566 /* Media.xcassets in Resources */ = {isa = PBXBuildFile; fileRef = CCCDEC391A7C808300867566 /* Media.xcassets */; };
/* End PBXBuildFile section */

/* Begin PBXContainerItemProxy section */
		CC4529431A79C6D200CB482A /* PBXContainerItemProxy */ = {
			isa = PBXContainerItemProxy;
			containerPortal = CC45291E1A79C6D100CB482A /* Project object */;
			proxyType = 1;
			remoteGlobalIDString = CC4529251A79C6D100CB482A;
			remoteInfo = GitHubIssue;
		};
/* End PBXContainerItemProxy section */

/* Begin PBXFileReference section */
		CC4529261A79C6D100CB482A /* GitHubIssue.app */ = {isa = PBXFileReference; explicitFileType = wrapper.application; includeInIndex = 0; path = GitHubIssue.app; sourceTree = BUILT_PRODUCTS_DIR; };
		CC45292A1A79C6D100CB482A /* Info.plist */ = {isa = PBXFileReference; lastKnownFileType = text.plist.xml; path = Info.plist; sourceTree = "<group>"; };
		CC45292B1A79C6D100CB482A /* main.m */ = {isa = PBXFileReference; lastKnownFileType = sourcecode.c.objc; path = main.m; sourceTree = "<group>"; };
		CC45292D1A79C6D100CB482A /* AppDelegate.h */ = {isa = PBXFileReference; lastKnownFileType = sourcecode.c.h; path = AppDelegate.h; sourceTree = "<group>"; };
		CC45292E1A79C6D100CB482A /* AppDelegate.m */ = {isa = PBXFileReference; lastKnownFileType = sourcecode.c.objc; path = AppDelegate.m; sourceTree = "<group>"; };
		CC4529371A79C6D100CB482A /* Base */ = {isa = PBXFileReference; lastKnownFileType = file.storyboard; name = Base; path = Base.lproj/Main.storyboard; sourceTree = "<group>"; };
		CC4529391A79C6D200CB482A /* Images.xcassets */ = {isa = PBXFileReference; lastKnownFileType = folder.assetcatalog; path = Images.xcassets; sourceTree = "<group>"; };
		CC45293C1A79C6D200CB482A /* Base */ = {isa = PBXFileReference; lastKnownFileType = file.xib; name = Base; path = Base.lproj/LaunchScreen.xib; sourceTree = "<group>"; };
		CC4529421A79C6D200CB482A /* GitHubIssueTests.xctest */ = {isa = PBXFileReference; explicitFileType = wrapper.cfbundle; includeInIndex = 0; path = GitHubIssueTests.xctest; sourceTree = BUILT_PRODUCTS_DIR; };
		CC4529471A79C6D200CB482A /* Info.plist */ = {isa = PBXFileReference; lastKnownFileType = text.plist.xml; path = Info.plist; sourceTree = "<group>"; };
		CC4529481A79C6D200CB482A /* GitHubIssueTests.m */ = {isa = PBXFileReference; lastKnownFileType = sourcecode.c.objc; path = GitHubIssueTests.m; sourceTree = "<group>"; };
		CCCDEBFC1A7C386A00867566 /* IssueTableViewController.h */ = {isa = PBXFileReference; fileEncoding = 4; lastKnownFileType = sourcecode.c.h; path = IssueTableViewController.h; sourceTree = "<group>"; };
		CCCDEBFD1A7C386A00867566 /* IssueTableViewController.m */ = {isa = PBXFileReference; fileEncoding = 4; lastKnownFileType = sourcecode.c.objc; path = IssueTableViewController.m; sourceTree = "<group>"; };
		CCCDEBFF1A7C38A500867566 /* AllIssuesTableViewController.h */ = {isa = PBXFileReference; fileEncoding = 4; lastKnownFileType = sourcecode.c.h; path = AllIssuesTableViewController.h; sourceTree = "<group>"; };
		CCCDEC001A7C38A500867566 /* AllIssuesTableViewController.m */ = {isa = PBXFileReference; fileEncoding = 4; lastKnownFileType = sourcecode.c.objc; path = AllIssuesTableViewController.m; sourceTree = "<group>"; };
		CCCDEC051A7C3B8500867566 /* CircleViewController.h */ = {isa = PBXFileReference; fileEncoding = 4; lastKnownFileType = sourcecode.c.h; name = CircleViewController.h; path = ../CircleViewController.h; sourceTree = "<group>"; };
		CCCDEC061A7C3B8500867566 /* CircleViewController.m */ = {isa = PBXFileReference; fileEncoding = 4; lastKnownFileType = sourcecode.c.objc; name = CircleViewController.m; path = ../CircleViewController.m; sourceTree = "<group>"; };
		CCCDEC081A7C3D4C00867566 /* TabViewController.h */ = {isa = PBXFileReference; fileEncoding = 4; lastKnownFileType = sourcecode.c.h; path = TabViewController.h; sourceTree = "<group>"; };
		CCCDEC091A7C3D4C00867566 /* TabViewController.m */ = {isa = PBXFileReference; fileEncoding = 4; lastKnownFileType = sourcecode.c.objc; path = TabViewController.m; sourceTree = "<group>"; };
		CCCDEC0B1A7C3E4300867566 /* IssueTableViewCell.h */ = {isa = PBXFileReference; fileEncoding = 4; lastKnownFileType = sourcecode.c.h; path = IssueTableViewCell.h; sourceTree = "<group>"; };
		CCCDEC0C1A7C3E4300867566 /* IssueTableViewCell.m */ = {isa = PBXFileReference; fileEncoding = 4; lastKnownFileType = sourcecode.c.objc; path = IssueTableViewCell.m; sourceTree = "<group>"; };
		CCCDEC0E1A7C434F00867566 /* IssueDetailViewController.h */ = {isa = PBXFileReference; fileEncoding = 4; lastKnownFileType = sourcecode.c.h; path = IssueDetailViewController.h; sourceTree = "<group>"; };
		CCCDEC0F1A7C434F00867566 /* IssueDetailViewController.m */ = {isa = PBXFileReference; fileEncoding = 4; lastKnownFileType = sourcecode.c.objc; path = IssueDetailViewController.m; sourceTree = "<group>"; };
		CCCDEC111A7C7A6600867566 /* allIssueTableViewCell.h */ = {isa = PBXFileReference; fileEncoding = 4; lastKnownFileType = sourcecode.c.h; path = allIssueTableViewCell.h; sourceTree = "<group>"; };
		CCCDEC121A7C7A6700867566 /* allIssueTableViewCell.m */ = {isa = PBXFileReference; fileEncoding = 4; lastKnownFileType = sourcecode.c.objc; path = allIssueTableViewCell.m; sourceTree = "<group>"; };
		CCCDEC391A7C808300867566 /* Media.xcassets */ = {isa = PBXFileReference; lastKnownFileType = folder.assetcatalog; path = Media.xcassets; sourceTree = "<group>"; };
/* End PBXFileReference section */

/* Begin PBXFrameworksBuildPhase section */
		CC4529231A79C6D100CB482A /* Frameworks */ = {
			isa = PBXFrameworksBuildPhase;
			buildActionMask = 2147483647;
			files = (
			);
			runOnlyForDeploymentPostprocessing = 0;
		};
		CC45293F1A79C6D200CB482A /* Frameworks */ = {
			isa = PBXFrameworksBuildPhase;
			buildActionMask = 2147483647;
			files = (
			);
			runOnlyForDeploymentPostprocessing = 0;
		};
/* End PBXFrameworksBuildPhase section */

/* Begin PBXGroup section */
		CC45291D1A79C6D100CB482A = {
			isa = PBXGroup;
			children = (
				CC4529281A79C6D100CB482A /* GitHubIssue */,
				CC4529451A79C6D200CB482A /* GitHubIssueTests */,
				CC4529271A79C6D100CB482A /* Products */,
			);
			sourceTree = "<group>";
		};
		CC4529271A79C6D100CB482A /* Products */ = {
			isa = PBXGroup;
			children = (
				CC4529261A79C6D100CB482A /* GitHubIssue.app */,
				CC4529421A79C6D200CB482A /* GitHubIssueTests.xctest */,
			);
			name = Products;
			sourceTree = "<group>";
		};
		CC4529281A79C6D100CB482A /* GitHubIssue */ = {
			isa = PBXGroup;
			children = (
				CC45292D1A79C6D100CB482A /* AppDelegate.h */,
				CC45292E1A79C6D100CB482A /* AppDelegate.m */,
				CCCDEC081A7C3D4C00867566 /* TabViewController.h */,
				CCCDEC091A7C3D4C00867566 /* TabViewController.m */,
				CCCDEC151A7C7B3B00867566 /* allIssue */,
				CCCDEC141A7C7B2200867566 /* issue */,
				CC4529361A79C6D100CB482A /* Main.storyboard */,
				CCCDEBFC1A7C386A00867566 /* IssueTableViewController.h */,
				CCCDEBFD1A7C386A00867566 /* IssueTableViewController.m */,
				CCCDEC0E1A7C434F00867566 /* IssueDetailViewController.h */,
				CCCDEC0F1A7C434F00867566 /* IssueDetailViewController.m */,
				CCCDEC051A7C3B8500867566 /* CircleViewController.h */,
				CCCDEC061A7C3B8500867566 /* CircleViewController.m */,
				CC4529391A79C6D200CB482A /* Images.xcassets */,
				CCCDEC391A7C808300867566 /* Media.xcassets */,
				CC45293B1A79C6D200CB482A /* LaunchScreen.xib */,
				CC4529291A79C6D100CB482A /* Supporting Files */,
			);
			path = GitHubIssue;
			sourceTree = "<group>";
		};
		CC4529291A79C6D100CB482A /* Supporting Files */ = {
			isa = PBXGroup;
			children = (
				CC45292A1A79C6D100CB482A /* Info.plist */,
				CC45292B1A79C6D100CB482A /* main.m */,
			);
			name = "Supporting Files";
			sourceTree = "<group>";
		};
		CC4529451A79C6D200CB482A /* GitHubIssueTests */ = {
			isa = PBXGroup;
			children = (
				CC4529481A79C6D200CB482A /* GitHubIssueTests.m */,
				CC4529461A79C6D200CB482A /* Supporting Files */,
			);
			path = GitHubIssueTests;
			sourceTree = "<group>";
		};
		CC4529461A79C6D200CB482A /* Supporting Files */ = {
			isa = PBXGroup;
			children = (
				CC4529471A79C6D200CB482A /* Info.plist */,
			);
			name = "Supporting Files";
			sourceTree = "<group>";
		};
		CCCDEC141A7C7B2200867566 /* issue */ = {
			isa = PBXGroup;
			children = (
				CCCDEC0B1A7C3E4300867566 /* IssueTableViewCell.h */,
				CCCDEC0C1A7C3E4300867566 /* IssueTableViewCell.m */,
			);
			name = issue;
			sourceTree = "<group>";
		};
		CCCDEC151A7C7B3B00867566 /* allIssue */ = {
			isa = PBXGroup;
			children = (
				CCCDEC111A7C7A6600867566 /* allIssueTableViewCell.h */,
				CCCDEC121A7C7A6700867566 /* allIssueTableViewCell.m */,
				CCCDEBFF1A7C38A500867566 /* AllIssuesTableViewController.h */,
				CCCDEC001A7C38A500867566 /* AllIssuesTableViewController.m */,
			);
			name = allIssue;
			sourceTree = "<group>";
		};
/* End PBXGroup section */

/* Begin PBXNativeTarget section */
		CC4529251A79C6D100CB482A /* GitHubIssue */ = {
			isa = PBXNativeTarget;
			buildConfigurationList = CC45294C1A79C6D200CB482A /* Build configuration list for PBXNativeTarget "GitHubIssue" */;
			buildPhases = (
				CC4529221A79C6D100CB482A /* Sources */,
				CC4529231A79C6D100CB482A /* Frameworks */,
				CC4529241A79C6D100CB482A /* Resources */,
			);
			buildRules = (
			);
			dependencies = (
			);
			name = GitHubIssue;
			productName = GitHubIssue;
			productReference = CC4529261A79C6D100CB482A /* GitHubIssue.app */;
			productType = "com.apple.product-type.application";
		};
		CC4529411A79C6D200CB482A /* GitHubIssueTests */ = {
			isa = PBXNativeTarget;
			buildConfigurationList = CC45294F1A79C6D200CB482A /* Build configuration list for PBXNativeTarget "GitHubIssueTests" */;
			buildPhases = (
				CC45293E1A79C6D200CB482A /* Sources */,
				CC45293F1A79C6D200CB482A /* Frameworks */,
				CC4529401A79C6D200CB482A /* Resources */,
			);
			buildRules = (
			);
			dependencies = (
				CC4529441A79C6D200CB482A /* PBXTargetDependency */,
			);
			name = GitHubIssueTests;
			productName = GitHubIssueTests;
			productReference = CC4529421A79C6D200CB482A /* GitHubIssueTests.xctest */;
			productType = "com.apple.product-type.bundle.unit-test";
		};
/* End PBXNativeTarget section */

/* Begin PBXProject section */
		CC45291E1A79C6D100CB482A /* Project object */ = {
			isa = PBXProject;
			attributes = {
				LastUpgradeCheck = 0610;
				ORGANIZATIONNAME = XiaoYifan;
				TargetAttributes = {
					CC4529251A79C6D100CB482A = {
						CreatedOnToolsVersion = 6.1.1;
						DevelopmentTeam = 4NPA9YHQ69;
					};
					CC4529411A79C6D200CB482A = {
						CreatedOnToolsVersion = 6.1.1;
						TestTargetID = CC4529251A79C6D100CB482A;
					};
				};
			};
			buildConfigurationList = CC4529211A79C6D100CB482A /* Build configuration list for PBXProject "GitHubIssue" */;
			compatibilityVersion = "Xcode 3.2";
			developmentRegion = English;
			hasScannedForEncodings = 0;
			knownRegions = (
				en,
				Base,
			);
			mainGroup = CC45291D1A79C6D100CB482A;
			productRefGroup = CC4529271A79C6D100CB482A /* Products */;
			projectDirPath = "";
			projectRoot = "";
			targets = (
				CC4529251A79C6D100CB482A /* GitHubIssue */,
				CC4529411A79C6D200CB482A /* GitHubIssueTests */,
			);
		};
/* End PBXProject section */

/* Begin PBXResourcesBuildPhase section */
		CC4529241A79C6D100CB482A /* Resources */ = {
			isa = PBXResourcesBuildPhase;
			buildActionMask = 2147483647;
			files = (
				CC4529381A79C6D100CB482A /* Main.storyboard in Resources */,
				CC45293D1A79C6D200CB482A /* LaunchScreen.xib in Resources */,
				CCCDEC3A1A7C808300867566 /* Media.xcassets in Resources */,
				CC45293A1A79C6D200CB482A /* Images.xcassets in Resources */,
			);
			runOnlyForDeploymentPostprocessing = 0;
		};
		CC4529401A79C6D200CB482A /* Resources */ = {
			isa = PBXResourcesBuildPhase;
			buildActionMask = 2147483647;
			files = (
			);
			runOnlyForDeploymentPostprocessing = 0;
		};
/* End PBXResourcesBuildPhase section */

/* Begin PBXSourcesBuildPhase section */
		CC4529221A79C6D100CB482A /* Sources */ = {
			isa = PBXSourcesBuildPhase;
			buildActionMask = 2147483647;
			files = (
				CCCDEC0A1A7C3D4C00867566 /* TabViewController.m in Sources */,
				CCCDEC101A7C434F00867566 /* IssueDetailViewController.m in Sources */,
				CCCDEBFE1A7C386A00867566 /* IssueTableViewController.m in Sources */,
				CCCDEC011A7C38A500867566 /* AllIssuesTableViewController.m in Sources */,
				CCCDEC0D1A7C3E4300867566 /* IssueTableViewCell.m in Sources */,
				CC45292F1A79C6D100CB482A /* AppDelegate.m in Sources */,
				CCCDEC131A7C7A6700867566 /* allIssueTableViewCell.m in Sources */,
				CC45292C1A79C6D100CB482A /* main.m in Sources */,
				CCCDEC071A7C3B8500867566 /* CircleViewController.m in Sources */,
			);
			runOnlyForDeploymentPostprocessing = 0;
		};
		CC45293E1A79C6D200CB482A /* Sources */ = {
			isa = PBXSourcesBuildPhase;
			buildActionMask = 2147483647;
			files = (
				CC4529491A79C6D200CB482A /* GitHubIssueTests.m in Sources */,
			);
			runOnlyForDeploymentPostprocessing = 0;
		};
/* End PBXSourcesBuildPhase section */

/* Begin PBXTargetDependency section */
		CC4529441A79C6D200CB482A /* PBXTargetDependency */ = {
			isa = PBXTargetDependency;
			target = CC4529251A79C6D100CB482A /* GitHubIssue */;
			targetProxy = CC4529431A79C6D200CB482A /* PBXContainerItemProxy */;
		};
/* End PBXTargetDependency section */

/* Begin PBXVariantGroup section */
		CC4529361A79C6D100CB482A /* Main.storyboard */ = {
			isa = PBXVariantGroup;
			children = (
				CC4529371A79C6D100CB482A /* Base */,
			);
			name = Main.storyboard;
			sourceTree = "<group>";
		};
		CC45293B1A79C6D200CB482A /* LaunchScreen.xib */ = {
			isa = PBXVariantGroup;
			children = (
				CC45293C1A79C6D200CB482A /* Base */,
			);
			name = LaunchScreen.xib;
			sourceTree = "<group>";
		};
/* End PBXVariantGroup section */

/* Begin XCBuildConfiguration section */
		CC45294A1A79C6D200CB482A /* Debug */ = {
			isa = XCBuildConfiguration;
			buildSettings = {
				ALWAYS_SEARCH_USER_PATHS = NO;
				CLANG_CXX_LANGUAGE_STANDARD = "gnu++0x";
				CLANG_CXX_LIBRARY = "libc++";
				CLANG_ENABLE_MODULES = YES;
				CLANG_ENABLE_OBJC_ARC = YES;
				CLANG_WARN_BOOL_CONVERSION = YES;
				CLANG_WARN_CONSTANT_CONVERSION = YES;
				CLANG_WARN_DIRECT_OBJC_ISA_USAGE = YES_ERROR;
				CLANG_WARN_EMPTY_BODY = YES;
				CLANG_WARN_ENUM_CONVERSION = YES;
				CLANG_WARN_INT_CONVERSION = YES;
				CLANG_WARN_OBJC_ROOT_CLASS = YES_ERROR;
				CLANG_WARN_UNREACHABLE_CODE = YES;
				CLANG_WARN__DUPLICATE_METHOD_MATCH = YES;
				"CODE_SIGN_IDENTITY[sdk=iphoneos*]" = "iPhone Developer";
				COPY_PHASE_STRIP = NO;
				ENABLE_STRICT_OBJC_MSGSEND = YES;
				GCC_C_LANGUAGE_STANDARD = gnu99;
				GCC_DYNAMIC_NO_PIC = NO;
				GCC_OPTIMIZATION_LEVEL = 0;
				GCC_PREPROCESSOR_DEFINITIONS = (
					"DEBUG=1",
					"$(inherited)",
				);
				GCC_SYMBOLS_PRIVATE_EXTERN = NO;
				GCC_WARN_64_TO_32_BIT_CONVERSION = YES;
				GCC_WARN_ABOUT_RETURN_TYPE = YES_ERROR;
				GCC_WARN_UNDECLARED_SELECTOR = YES;
				GCC_WARN_UNINITIALIZED_AUTOS = YES_AGGRESSIVE;
				GCC_WARN_UNUSED_FUNCTION = YES;
				GCC_WARN_UNUSED_VARIABLE = YES;
				IPHONEOS_DEPLOYMENT_TARGET = 8.1;
				MTL_ENABLE_DEBUG_INFO = YES;
				ONLY_ACTIVE_ARCH = YES;
				SDKROOT = iphoneos;
				TARGETED_DEVICE_FAMILY = "1,2";
			};
			name = Debug;
		};
		CC45294B1A79C6D200CB482A /* Release */ = {
			isa = XCBuildConfiguration;
			buildSettings = {
				ALWAYS_SEARCH_USER_PATHS = NO;
				CLANG_CXX_LANGUAGE_STANDARD = "gnu++0x";
				CLANG_CXX_LIBRARY = "libc++";
				CLANG_ENABLE_MODULES = YES;
				CLANG_ENABLE_OBJC_ARC = YES;
				CLANG_WARN_BOOL_CONVERSION = YES;
				CLANG_WARN_CONSTANT_CONVERSION = YES;
				CLANG_WARN_DIRECT_OBJC_ISA_USAGE = YES_ERROR;
				CLANG_WARN_EMPTY_BODY = YES;
				CLANG_WARN_ENUM_CONVERSION = YES;
				CLANG_WARN_INT_CONVERSION = YES;
				CLANG_WARN_OBJC_ROOT_CLASS = YES_ERROR;
				CLANG_WARN_UNREACHABLE_CODE = YES;
				CLANG_WARN__DUPLICATE_METHOD_MATCH = YES;
				"CODE_SIGN_IDENTITY[sdk=iphoneos*]" = "iPhone Developer";
				COPY_PHASE_STRIP = YES;
				ENABLE_NS_ASSERTIONS = NO;
				ENABLE_STRICT_OBJC_MSGSEND = YES;
				GCC_C_LANGUAGE_STANDARD = gnu99;
				GCC_WARN_64_TO_32_BIT_CONVERSION = YES;
				GCC_WARN_ABOUT_RETURN_TYPE = YES_ERROR;
				GCC_WARN_UNDECLARED_SELECTOR = YES;
				GCC_WARN_UNINITIALIZED_AUTOS = YES_AGGRESSIVE;
				GCC_WARN_UNUSED_FUNCTION = YES;
				GCC_WARN_UNUSED_VARIABLE = YES;
				IPHONEOS_DEPLOYMENT_TARGET = 8.1;
				MTL_ENABLE_DEBUG_INFO = NO;
				SDKROOT = iphoneos;
				TARGETED_DEVICE_FAMILY = "1,2";
				VALIDATE_PRODUCT = YES;
			};
			name = Release;
		};
		CC45294D1A79C6D200CB482A /* Debug */ = {
			isa = XCBuildConfiguration;
			buildSettings = {
				ASSETCATALOG_COMPILER_APPICON_NAME = AppIcon;
				CODE_SIGN_IDENTITY = "iPhone Developer";
				INFOPLIST_FILE = GitHubIssue/Info.plist;
				LD_RUNPATH_SEARCH_PATHS = "$(inherited) @executable_path/Frameworks";
				PRODUCT_NAME = "$(TARGET_NAME)";
			};
			name = Debug;
		};
		CC45294E1A79C6D200CB482A /* Release */ = {
			isa = XCBuildConfiguration;
			buildSettings = {
				ASSETCATALOG_COMPILER_APPICON_NAME = AppIcon;
				CODE_SIGN_IDENTITY = "iPhone Developer";
				INFOPLIST_FILE = GitHubIssue/Info.plist;
				LD_RUNPATH_SEARCH_PATHS = "$(inherited) @executable_path/Frameworks";
				PRODUCT_NAME = "$(TARGET_NAME)";
			};
			name = Release;
		};
		CC4529501A79C6D200CB482A /* Debug */ = {
			isa = XCBuildConfiguration;
			buildSettings = {
				BUNDLE_LOADER = "$(TEST_HOST)";
				FRAMEWORK_SEARCH_PATHS = (
					"$(SDKROOT)/Developer/Library/Frameworks",
					"$(inherited)",
				);
				GCC_PREPROCESSOR_DEFINITIONS = (
					"DEBUG=1",
					"$(inherited)",
				);
				INFOPLIST_FILE = GitHubIssueTests/Info.plist;
				LD_RUNPATH_SEARCH_PATHS = "$(inherited) @executable_path/Frameworks @loader_path/Frameworks";
				PRODUCT_NAME = "$(TARGET_NAME)";
				TEST_HOST = "$(BUILT_PRODUCTS_DIR)/GitHubIssue.app/GitHubIssue";
			};
			name = Debug;
		};
		CC4529511A79C6D200CB482A /* Release */ = {
			isa = XCBuildConfiguration;
			buildSettings = {
				BUNDLE_LOADER = "$(TEST_HOST)";
				FRAMEWORK_SEARCH_PATHS = (
					"$(SDKROOT)/Developer/Library/Frameworks",
					"$(inherited)",
				);
				INFOPLIST_FILE = GitHubIssueTests/Info.plist;
				LD_RUNPATH_SEARCH_PATHS = "$(inherited) @executable_path/Frameworks @loader_path/Frameworks";
				PRODUCT_NAME = "$(TARGET_NAME)";
				TEST_HOST = "$(BUILT_PRODUCTS_DIR)/GitHubIssue.app/GitHubIssue";
			};
			name = Release;
		};
/* End XCBuildConfiguration section */

/* Begin XCConfigurationList section */
		CC4529211A79C6D100CB482A /* Build configuration list for PBXProject "GitHubIssue" */ = {
			isa = XCConfigurationList;
			buildConfigurations = (
				CC45294A1A79C6D200CB482A /* Debug */,
				CC45294B1A79C6D200CB482A /* Release */,
			);
			defaultConfigurationIsVisible = 0;
			defaultConfigurationName = Release;
		};
		CC45294C1A79C6D200CB482A /* Build configuration list for PBXNativeTarget "GitHubIssue" */ = {
			isa = XCConfigurationList;
			buildConfigurations = (
				CC45294D1A79C6D200CB482A /* Debug */,
				CC45294E1A79C6D200CB482A /* Release */,
			);
			defaultConfigurationIsVisible = 0;
			defaultConfigurationName = Release;
		};
		CC45294F1A79C6D200CB482A /* Build configuration list for PBXNativeTarget "GitHubIssueTests" */ = {
			isa = XCConfigurationList;
			buildConfigurations = (
				CC4529501A79C6D200CB482A /* Debug */,
				CC4529511A79C6D200CB482A /* Release */,
			);
			defaultConfigurationIsVisible = 0;
			defaultConfigurationName = Release;
		};
/* End XCConfigurationList section */
	};
	rootObject = CC45291E1A79C6D100CB482A /* Project object */;
}
